// !$*UTF8*$!
{
	archiveVersion = 1;
	classes = {
	};
	objectVersion = 46;
	objects = {

/* Begin PBXBuildFile section */
		8458238D1A542E76001A9889 /* AppDelegate.swift in Sources */ = {isa = PBXBuildFile; fileRef = 8458238C1A542E76001A9889 /* AppDelegate.swift */; };
		8458238F1A542E76001A9889 /* ViewController.swift in Sources */ = {isa = PBXBuildFile; fileRef = 8458238E1A542E76001A9889 /* ViewController.swift */; };
		845823921A542E76001A9889 /* Main.storyboard in Resources */ = {isa = PBXBuildFile; fileRef = 845823901A542E76001A9889 /* Main.storyboard */; };
		845823941A542E76001A9889 /* Images.xcassets in Resources */ = {isa = PBXBuildFile; fileRef = 845823931A542E76001A9889 /* Images.xcassets */; };
		845823971A542E76001A9889 /* LaunchScreen.xib in Resources */ = {isa = PBXBuildFile; fileRef = 845823951A542E76001A9889 /* LaunchScreen.xib */; };
		845823A31A542E76001A9889 /* HAAATests.swift in Sources */ = {isa = PBXBuildFile; fileRef = 845823A21A542E76001A9889 /* HAAATests.swift */; };
/* End PBXBuildFile section */

/* Begin PBXContainerItemProxy section */
		8458239D1A542E76001A9889 /* PBXContainerItemProxy */ = {
			isa = PBXContainerItemProxy;
			containerPortal = 8458237F1A542E76001A9889 /* Project object */;
			proxyType = 1;
			remoteGlobalIDString = 845823861A542E76001A9889;
			remoteInfo = HAAA;
		};
/* End PBXContainerItemProxy section */

/* Begin PBXFileReference section */
		845823871A542E76001A9889 /* HAAA.app */ = {isa = PBXFileReference; explicitFileType = wrapper.application; includeInIndex = 0; path = HAAA.app; sourceTree = BUILT_PRODUCTS_DIR; };
		8458238B1A542E76001A9889 /* Info.plist */ = {isa = PBXFileReference; lastKnownFileType = text.plist.xml; path = Info.plist; sourceTree = "<group>"; };
		8458238C1A542E76001A9889 /* AppDelegate.swift */ = {isa = PBXFileReference; lastKnownFileType = sourcecode.swift; path = AppDelegate.swift; sourceTree = "<group>"; };
		8458238E1A542E76001A9889 /* ViewController.swift */ = {isa = PBXFileReference; lastKnownFileType = sourcecode.swift; path = ViewController.swift; sourceTree = "<group>"; };
		845823911A542E76001A9889 /* Base */ = {isa = PBXFileReference; lastKnownFileType = file.storyboard; name = Base; path = Base.lproj/Main.storyboard; sourceTree = "<group>"; };
		845823931A542E76001A9889 /* Images.xcassets */ = {isa = PBXFileReference; lastKnownFileType = folder.assetcatalog; path = Images.xcassets; sourceTree = "<group>"; };
		845823961A542E76001A9889 /* Base */ = {isa = PBXFileReference; lastKnownFileType = file.xib; name = Base; path = Base.lproj/LaunchScreen.xib; sourceTree = "<group>"; };
		8458239C1A542E76001A9889 /* HAAATests.xctest */ = {isa = PBXFileReference; explicitFileType = wrapper.cfbundle; includeInIndex = 0; path = HAAATests.xctest; sourceTree = BUILT_PRODUCTS_DIR; };
		845823A11A542E76001A9889 /* Info.plist */ = {isa = PBXFileReference; lastKnownFileType = text.plist.xml; path = Info.plist; sourceTree = "<group>"; };
		845823A21A542E76001A9889 /* HAAATests.swift */ = {isa = PBXFileReference; lastKnownFileType = sourcecode.swift; path = HAAATests.swift; sourceTree = "<group>"; };
/* End PBXFileReference section */

/* Begin PBXFrameworksBuildPhase section */
		845823841A542E76001A9889 /* Frameworks */ = {
			isa = PBXFrameworksBuildPhase;
			buildActionMask = 2147483647;
			files = (
			);
			runOnlyForDeploymentPostprocessing = 0;
		};
		845823991A542E76001A9889 /* Frameworks */ = {
			isa = PBXFrameworksBuildPhase;
			buildActionMask = 2147483647;
			files = (
			);
			runOnlyForDeploymentPostprocessing = 0;
		};
/* End PBXFrameworksBuildPhase section */

/* Begin PBXGroup section */
		8458237E1A542E76001A9889 = {
			isa = PBXGroup;
			children = (
				845823891A542E76001A9889 /* HAAA */,
				8458239F1A542E76001A9889 /* HAAATests */,
				845823881A542E76001A9889 /* Products */,
			);
			sourceTree = "<group>";
		};
		845823881A542E76001A9889 /* Products */ = {
			isa = PBXGroup;
			children = (
				845823871A542E76001A9889 /* HAAA.app */,
				8458239C1A542E76001A9889 /* HAAATests.xctest */,
			);
			name = Products;
			sourceTree = "<group>";
		};
		845823891A542E76001A9889 /* HAAA */ = {
			isa = PBXGroup;
			children = (
				8458238C1A542E76001A9889 /* AppDelegate.swift */,
				8458238E1A542E76001A9889 /* ViewController.swift */,
				845823901A542E76001A9889 /* Main.storyboard */,
				845823931A542E76001A9889 /* Images.xcassets */,
				845823951A542E76001A9889 /* LaunchScreen.xib */,
				8458238A1A542E76001A9889 /* Supporting Files */,
			);
			path = HAAA;
			sourceTree = "<group>";
		};
		8458238A1A542E76001A9889 /* Supporting Files */ = {
			isa = PBXGroup;
			children = (
				8458238B1A542E76001A9889 /* Info.plist */,
			);
			name = "Supporting Files";
			sourceTree = "<group>";
		};
		8458239F1A542E76001A9889 /* HAAATests */ = {
			isa = PBXGroup;
			children = (
				845823A21A542E76001A9889 /* HAAATests.swift */,
				845823A01A542E76001A9889 /* Supporting Files */,
			);
			path = HAAATests;
			sourceTree = "<group>";
		};
		845823A01A542E76001A9889 /* Supporting Files */ = {
			isa = PBXGroup;
			children = (
				845823A11A542E76001A9889 /* Info.plist */,
			);
			name = "Supporting Files";
			sourceTree = "<group>";
		};
/* End PBXGroup section */

/* Begin PBXNativeTarget section */
		845823861A542E76001A9889 /* HAAA */ = {
			isa = PBXNativeTarget;
			buildConfigurationList = 845823A61A542E76001A9889 /* Build configuration list for PBXNativeTarget "HAAA" */;
			buildPhases = (
				845823831A542E76001A9889 /* Sources */,
				845823841A542E76001A9889 /* Frameworks */,
				845823851A542E76001A9889 /* Resources */,
			);
			buildRules = (
			);
			dependencies = (
			);
			name = HAAA;
			productName = HAAA;
			productReference = 845823871A542E76001A9889 /* HAAA.app */;
			productType = "com.apple.product-type.application";
		};
		8458239B1A542E76001A9889 /* HAAATests */ = {
			isa = PBXNativeTarget;
			buildConfigurationList = 845823A91A542E76001A9889 /* Build configuration list for PBXNativeTarget "HAAATests" */;
			buildPhases = (
				845823981A542E76001A9889 /* Sources */,
				845823991A542E76001A9889 /* Frameworks */,
				8458239A1A542E76001A9889 /* Resources */,
			);
			buildRules = (
			);
			dependencies = (
				8458239E1A542E76001A9889 /* PBXTargetDependency */,
			);
			name = HAAATests;
			productName = HAAATests;
			productReference = 8458239C1A542E76001A9889 /* HAAATests.xctest */;
			productType = "com.apple.product-type.bundle.unit-test";
		};
/* End PBXNativeTarget section */

/* Begin PBXProject section */
		8458237F1A542E76001A9889 /* Project object */ = {
			isa = PBXProject;
			attributes = {
				LastUpgradeCheck = 0610;
				ORGANIZATIONNAME = HAAA;
				TargetAttributes = {
					845823861A542E76001A9889 = {
						CreatedOnToolsVersion = 6.1.1;
					};
					8458239B1A542E76001A9889 = {
						CreatedOnToolsVersion = 6.1.1;
						TestTargetID = 845823861A542E76001A9889;
					};
				};
			};
			buildConfigurationList = 845823821A542E76001A9889 /* Build configuration list for PBXProject "HAAA" */;
			compatibilityVersion = "Xcode 3.2";
			developmentRegion = English;
			hasScannedForEncodings = 0;
			knownRegions = (
				en,
				Base,
			);
			mainGroup = 8458237E1A542E76001A9889;
			productRefGroup = 845823881A542E76001A9889 /* Products */;
			projectDirPath = "";
			projectRoot = "";
			targets = (
				845823861A542E76001A9889 /* HAAA */,
				8458239B1A542E76001A9889 /* HAAATests */,
			);
		};
/* End PBXProject section */

/* Begin PBXResourcesBuildPhase section */
		845823851A542E76001A9889 /* Resources */ = {
			isa = PBXResourcesBuildPhase;
			buildActionMask = 2147483647;
			files = (
				845823921A542E76001A9889 /* Main.storyboard in Resources */,
				845823971A542E76001A9889 /* LaunchScreen.xib in Resources */,
				845823941A542E76001A9889 /* Images.xcassets in Resources */,
			);
			runOnlyForDeploymentPostprocessing = 0;
		};
		8458239A1A542E76001A9889 /* Resources */ = {
			isa = PBXResourcesBuildPhase;
			buildActionMask = 2147483647;
			files = (
			);
			runOnlyForDeploymentPostprocessing = 0;
		};
/* End PBXResourcesBuildPhase section */

/* Begin PBXSourcesBuildPhase section */
		845823831A542E76001A9889 /* Sources */ = {
			isa = PBXSourcesBuildPhase;
			buildActionMask = 2147483647;
			files = (
				8458238F1A542E76001A9889 /* ViewController.swift in Sources */,
				8458238D1A542E76001A9889 /* AppDelegate.swift in Sources */,
			);
			runOnlyForDeploymentPostprocessing = 0;
		};
		845823981A542E76001A9889 /* Sources */ = {
			isa = PBXSourcesBuildPhase;
			buildActionMask = 2147483647;
			files = (
				845823A31A542E76001A9889 /* HAAATests.swift in Sources */,
			);
			runOnlyForDeploymentPostprocessing = 0;
		};
/* End PBXSourcesBuildPhase section */

/* Begin PBXTargetDependency section */
		8458239E1A542E76001A9889 /* PBXTargetDependency */ = {
			isa = PBXTargetDependency;
			target = 845823861A542E76001A9889 /* HAAA */;
			targetProxy = 8458239D1A542E76001A9889 /* PBXContainerItemProxy */;
		};
/* End PBXTargetDependency section */

/* Begin PBXVariantGroup section */
		845823901A542E76001A9889 /* Main.storyboard */ = {
			isa = PBXVariantGroup;
			children = (
				845823911A542E76001A9889 /* Base */,
			);
			name = Main.storyboard;
			sourceTree = "<group>";
		};
		845823951A542E76001A9889 /* LaunchScreen.xib */ = {
			isa = PBXVariantGroup;
			children = (
				845823961A542E76001A9889 /* Base */,
			);
			name = LaunchScreen.xib;
			sourceTree = "<group>";
		};
/* End PBXVariantGroup section */

/* Begin XCBuildConfiguration section */
		845823A41A542E76001A9889 /* Debug */ = {
			isa = XCBuildConfiguration;
			buildSettings = {
				ALWAYS_SEARCH_USER_PATHS = NO;
				CLANG_CXX_LANGUAGE_STANDARD = "gnu++0x";
				CLANG_CXX_LIBRARY = "libc++";
				CLANG_ENABLE_MODULES = YES;
				CLANG_ENABLE_OBJC_ARC = YES;
				CLANG_WARN_BOOL_CONVERSION = YES;
				CLANG_WARN_CONSTANT_CONVERSION = YES;
				CLANG_WARN_DIRECT_OBJC_ISA_USAGE = YES_ERROR;
				CLANG_WARN_EMPTY_BODY = YES;
				CLANG_WARN_ENUM_CONVERSION = YES;
				CLANG_WARN_INT_CONVERSION = YES;
				CLANG_WARN_OBJC_ROOT_CLASS = YES_ERROR;
				CLANG_WARN_UNREACHABLE_CODE = YES;
				CLANG_WARN__DUPLICATE_METHOD_MATCH = YES;
				"CODE_SIGN_IDENTITY[sdk=iphoneos*]" = "iPhone Developer";
				COPY_PHASE_STRIP = NO;
				ENABLE_STRICT_OBJC_MSGSEND = YES;
				GCC_C_LANGUAGE_STANDARD = gnu99;
				GCC_DYNAMIC_NO_PIC = NO;
				GCC_OPTIMIZATION_LEVEL = 0;
				GCC_PREPROCESSOR_DEFINITIONS = (
					"DEBUG=1",
					"$(inherited)",
				);
				GCC_SYMBOLS_PRIVATE_EXTERN = NO;
				GCC_WARN_64_TO_32_BIT_CONVERSION = YES;
				GCC_WARN_ABOUT_RETURN_TYPE = YES_ERROR;
				GCC_WARN_UNDECLARED_SELECTOR = YES;
				GCC_WARN_UNINITIALIZED_AUTOS = YES_AGGRESSIVE;
				GCC_WARN_UNUSED_FUNCTION = YES;
				GCC_WARN_UNUSED_VARIABLE = YES;
				IPHONEOS_DEPLOYMENT_TARGET = 8.1;
				MTL_ENABLE_DEBUG_INFO = YES;
				ONLY_ACTIVE_ARCH = YES;
				SDKROOT = iphoneos;
				SWIFT_OPTIMIZATION_LEVEL = "-Onone";
			};
			name = Debug;
		};
		845823A51A542E76001A9889 /* Release */ = {
			isa = XCBuildConfiguration;
			buildSettings = {
				ALWAYS_SEARCH_USER_PATHS = NO;
				CLANG_CXX_LANGUAGE_STANDARD = "gnu++0x";
				CLANG_CXX_LIBRARY = "libc++";
				CLANG_ENABLE_MODULES = YES;
				CLANG_ENABLE_OBJC_ARC = YES;
				CLANG_WARN_BOOL_CONVERSION = YES;
				CLANG_WARN_CONSTANT_CONVERSION = YES;
				CLANG_WARN_DIRECT_OBJC_ISA_USAGE = YES_ERROR;
				CLANG_WARN_EMPTY_BODY = YES;
				CLANG_WARN_ENUM_CONVERSION = YES;
				CLANG_WARN_INT_CONVERSION = YES;
				CLANG_WARN_OBJC_ROOT_CLASS = YES_ERROR;
				CLANG_WARN_UNREACHABLE_CODE = YES;
				CLANG_WARN__DUPLICATE_METHOD_MATCH = YES;
				"CODE_SIGN_IDENTITY[sdk=iphoneos*]" = "iPhone Developer";
				COPY_PHASE_STRIP = YES;
				ENABLE_NS_ASSERTIONS = NO;
				ENABLE_STRICT_OBJC_MSGSEND = YES;
				GCC_C_LANGUAGE_STANDARD = gnu99;
				GCC_WARN_64_TO_32_BIT_CONVERSION = YES;
				GCC_WARN_ABOUT_RETURN_TYPE = YES_ERROR;
				GCC_WARN_UNDECLARED_SELECTOR = YES;
				GCC_WARN_UNINITIALIZED_AUTOS = YES_AGGRESSIVE;
				GCC_WARN_UNUSED_FUNCTION = YES;
				GCC_WARN_UNUSED_VARIABLE = YES;
				IPHONEOS_DEPLOYMENT_TARGET = 8.1;
				MTL_ENABLE_DEBUG_INFO = NO;
				SDKROOT = iphoneos;
				VALIDATE_PRODUCT = YES;
			};
			name = Release;
		};
		845823A71A542E76001A9889 /* Debug */ = {
			isa = XCBuildConfiguration;
			buildSettings = {
				ASSETCATALOG_COMPILER_APPICON_NAME = AppIcon;
				INFOPLIST_FILE = HAAA/Info.plist;
				LD_RUNPATH_SEARCH_PATHS = "$(inherited) @executable_path/Frameworks";
				PRODUCT_NAME = "$(TARGET_NAME)";
			};
			name = Debug;
		};
		845823A81A542E76001A9889 /* Release */ = {
			isa = XCBuildConfiguration;
			buildSettings = {
				ASSETCATALOG_COMPILER_APPICON_NAME = AppIcon;
				INFOPLIST_FILE = HAAA/Info.plist;
				LD_RUNPATH_SEARCH_PATHS = "$(inherited) @executable_path/Frameworks";
				PRODUCT_NAME = "$(TARGET_NAME)";
			};
			name = Release;
		};
		845823AA1A542E76001A9889 /* Debug */ = {
			isa = XCBuildConfiguration;
			buildSettings = {
				BUNDLE_LOADER = "$(TEST_HOST)";
				FRAMEWORK_SEARCH_PATHS = (
					"$(SDKROOT)/Developer/Library/Frameworks",
					"$(inherited)",
				);
				GCC_PREPROCESSOR_DEFINITIONS = (
					"DEBUG=1",
					"$(inherited)",
				);
				INFOPLIST_FILE = HAAATests/Info.plist;
				LD_RUNPATH_SEARCH_PATHS = "$(inherited) @executable_path/Frameworks @loader_path/Frameworks";
				PRODUCT_NAME = "$(TARGET_NAME)";
				TEST_HOST = "$(BUILT_PRODUCTS_DIR)/HAAA.app/HAAA";
			};
			name = Debug;
		};
		845823AB1A542E76001A9889 /* Release */ = {
			isa = XCBuildConfiguration;
			buildSettings = {
				BUNDLE_LOADER = "$(TEST_HOST)";
				FRAMEWORK_SEARCH_PATHS = (
					"$(SDKROOT)/Developer/Library/Frameworks",
					"$(inherited)",
				);
				INFOPLIST_FILE = HAAATests/Info.plist;
				LD_RUNPATH_SEARCH_PATHS = "$(inherited) @executable_path/Frameworks @loader_path/Frameworks";
				PRODUCT_NAME = "$(TARGET_NAME)";
				TEST_HOST = "$(BUILT_PRODUCTS_DIR)/HAAA.app/HAAA";
			};
			name = Release;
		};
/* End XCBuildConfiguration section */

/* Begin XCConfigurationList section */
		845823821A542E76001A9889 /* Build configuration list for PBXProject "HAAA" */ = {
			isa = XCConfigurationList;
			buildConfigurations = (
				845823A41A542E76001A9889 /* Debug */,
				845823A51A542E76001A9889 /* Release */,
			);
			defaultConfigurationIsVisible = 0;
			defaultConfigurationName = Release;
		};
		845823A61A542E76001A9889 /* Build configuration list for PBXNativeTarget "HAAA" */ = {
			isa = XCConfigurationList;
			buildConfigurations = (
				845823A71A542E76001A9889 /* Debug */,
				845823A81A542E76001A9889 /* Release */,
			);
			defaultConfigurationIsVisible = 0;
		};
		845823A91A542E76001A9889 /* Build configuration list for PBXNativeTarget "HAAATests" */ = {
			isa = XCConfigurationList;
			buildConfigurations = (
				845823AA1A542E76001A9889 /* Debug */,
				845823AB1A542E76001A9889 /* Release */,
			);
			defaultConfigurationIsVisible = 0;
		};
/* End XCConfigurationList section */
	};
	rootObject = 8458237F1A542E76001A9889 /* Project object */;
}
